
Microsoft Visual Studio Solution File, Format Version 12.00
# Visual Studio Version 17
VisualStudioVersion = 17.1.32210.238
MinimumVisualStudioVersion = 10.0.40219.1
Project("{FAE04EC0-301F-11D3-BF4B-00C04F79EFBC}") = "Ch04Eh03", "Ch04Eh03\Ch04Eh03.csproj", "{5C237718-0CE7-404F-80E8-D8F54B68B2DE}"
EndProject
Global
	GlobalSection(SolutionConfigurationPlatforms) = preSolution
		Debug|Any CPU = Debug|Any CPU
		Release|Any CPU = Release|Any CPU
	EndGlobalSection
	GlobalSection(ProjectConfigurationPlatforms) = postSolution
		{5C237718-0CE7-404F-80E8-D8F54B68B2DE}.Debug|Any CPU.ActiveCfg = Debug|Any CPU
		{5C237718-0CE7-404F-80E8-D8F54B68B2DE}.Debug|Any CPU.Build.0 = Debug|Any CPU
		{5C237718-0CE7-404F-80E8-D8F54B68B2DE}.Release|Any CPU.ActiveCfg = Release|Any CPU
		{5C237718-0CE7-404F-80E8-D8F54B68B2DE}.Release|Any CPU.Build.0 = Release|Any CPU
	EndGlobalSection
	GlobalSection(SolutionProperties) = preSolution
		HideSolutionNode = FALSE
	EndGlobalSection
	GlobalSection(ExtensibilityGlobals) = postSolution
		SolutionGuid = {91548282-7699-4653-A89A-4794FF41A87E}
	EndGlobalSection
EndGlobal
