
Microsoft Visual Studio Solution File, Format Version 12.00
# Visual Studio Version 17
VisualStudioVersion = 17.1.32210.238
MinimumVisualStudioVersion = 10.0.40219.1
Project("{FAE04EC0-301F-11D3-BF4B-00C04F79EFBC}") = "Chapter04Eh01", "Chapter04Eh01\Chapter04Eh01.csproj", "{A5B1995F-FEDD-4578-A5F0-44B6CF623DBC}"
EndProject
Global
	GlobalSection(SolutionConfigurationPlatforms) = preSolution
		Debug|Any CPU = Debug|Any CPU
		Release|Any CPU = Release|Any CPU
	EndGlobalSection
	GlobalSection(ProjectConfigurationPlatforms) = postSolution
		{A5B1995F-FEDD-4578-A5F0-44B6CF623DBC}.Debug|Any CPU.ActiveCfg = Debug|Any CPU
		{A5B1995F-FEDD-4578-A5F0-44B6CF623DBC}.Debug|Any CPU.Build.0 = Debug|Any CPU
		{A5B1995F-FEDD-4578-A5F0-44B6CF623DBC}.Release|Any CPU.ActiveCfg = Release|Any CPU
		{A5B1995F-FEDD-4578-A5F0-44B6CF623DBC}.Release|Any CPU.Build.0 = Release|Any CPU
	EndGlobalSection
	GlobalSection(SolutionProperties) = preSolution
		HideSolutionNode = FALSE
	EndGlobalSection
	GlobalSection(ExtensibilityGlobals) = postSolution
		SolutionGuid = {C45750BA-4F0A-4750-9AEC-3CD45C3769D3}
	EndGlobalSection
EndGlobal
